
Microsoft Visual Studio Solution File, Format Version 12.00
# Visual Studio Version 17
VisualStudioVersion = 17.0.31903.59
MinimumVisualStudioVersion = 10.0.40219.1
Project("{FAE04EC0-301F-11D3-BF4B-00C04F79EFBC}") = "GuessTheNumber", "GuessTheNumber\GuessTheNumber.csproj", "{D4E8762F-5D3E-4B48-B411-25DA5F55DCEA}"
EndProject
Global
	GlobalSection(SolutionConfigurationPlatforms) = preSolution
		Debug|Any CPU = Debug|Any CPU
		Release|Any CPU = Release|Any CPU
	EndGlobalSection
	GlobalSection(SolutionProperties) = preSolution
		HideSolutionNode = FALSE
	EndGlobalSection
	GlobalSection(ProjectConfigurationPlatforms) = postSolution
		{D4E8762F-5D3E-4B48-B411-25DA5F55DCEA}.Debug|Any CPU.ActiveCfg = Debug|Any CPU
		{D4E8762F-5D3E-4B48-B411-25DA5F55DCEA}.Debug|Any CPU.Build.0 = Debug|Any CPU
		{D4E8762F-5D3E-4B48-B411-25DA5F55DCEA}.Release|Any CPU.ActiveCfg = Release|Any CPU
		{D4E8762F-5D3E-4B48-B411-25DA5F55DCEA}.Release|Any CPU.Build.0 = Release|Any CPU
	EndGlobalSection
EndGlobal
